// !$*UTF8*$!
{
	archiveVersion = 1;
	classes = {
	};
	objectVersion = 55;
	objects = {

/* Begin PBXBuildFile section */
		C49E14B329335F4C0053EEB7 /* AppDelegate.swift in Sources */ = {isa = PBXBuildFile; fileRef = C49E14B229335F4C0053EEB7 /* AppDelegate.swift */; };
		C49E14B529335F4C0053EEB7 /* SceneDelegate.swift in Sources */ = {isa = PBXBuildFile; fileRef = C49E14B429335F4C0053EEB7 /* SceneDelegate.swift */; };
		C49E14BA29335F4C0053EEB7 /* Main.storyboard in Resources */ = {isa = PBXBuildFile; fileRef = C49E14B829335F4C0053EEB7 /* Main.storyboard */; };
		C49E14BC29335F4C0053EEB7 /* Assets.xcassets in Resources */ = {isa = PBXBuildFile; fileRef = C49E14BB29335F4C0053EEB7 /* Assets.xcassets */; };
		C49E14BF29335F4C0053EEB7 /* LaunchScreen.storyboard in Resources */ = {isa = PBXBuildFile; fileRef = C49E14BD29335F4C0053EEB7 /* LaunchScreen.storyboard */; };
		C49E14CA29335F4C0053EEB7 /* InstagramCloneTests.swift in Sources */ = {isa = PBXBuildFile; fileRef = C49E14C929335F4C0053EEB7 /* InstagramCloneTests.swift */; };
		C49E14D429335F4C0053EEB7 /* InstagramCloneUITests.swift in Sources */ = {isa = PBXBuildFile; fileRef = C49E14D329335F4C0053EEB7 /* InstagramCloneUITests.swift */; };
		C49E14D629335F4C0053EEB7 /* InstagramCloneUITestsLaunchTests.swift in Sources */ = {isa = PBXBuildFile; fileRef = C49E14D529335F4C0053EEB7 /* InstagramCloneUITestsLaunchTests.swift */; };
		C49E14E3293366170053EEB7 /* LoginViewController.swift in Sources */ = {isa = PBXBuildFile; fileRef = C49E14E2293366170053EEB7 /* LoginViewController.swift */; };
/* End PBXBuildFile section */

/* Begin PBXContainerItemProxy section */
		C49E14C629335F4C0053EEB7 /* PBXContainerItemProxy */ = {
			isa = PBXContainerItemProxy;
			containerPortal = C49E14A729335F4C0053EEB7 /* Project object */;
			proxyType = 1;
			remoteGlobalIDString = C49E14AE29335F4C0053EEB7;
			remoteInfo = InstagramClone;
		};
		C49E14D029335F4C0053EEB7 /* PBXContainerItemProxy */ = {
			isa = PBXContainerItemProxy;
			containerPortal = C49E14A729335F4C0053EEB7 /* Project object */;
			proxyType = 1;
			remoteGlobalIDString = C49E14AE29335F4C0053EEB7;
			remoteInfo = InstagramClone;
		};
/* End PBXContainerItemProxy section */

/* Begin PBXFileReference section */
		C49E14AF29335F4C0053EEB7 /* InstagramClone.app */ = {isa = PBXFileReference; explicitFileType = wrapper.application; includeInIndex = 0; path = InstagramClone.app; sourceTree = BUILT_PRODUCTS_DIR; };
		C49E14B229335F4C0053EEB7 /* AppDelegate.swift */ = {isa = PBXFileReference; lastKnownFileType = sourcecode.swift; path = AppDelegate.swift; sourceTree = "<group>"; };
		C49E14B429335F4C0053EEB7 /* SceneDelegate.swift */ = {isa = PBXFileReference; lastKnownFileType = sourcecode.swift; path = SceneDelegate.swift; sourceTree = "<group>"; };
		C49E14B929335F4C0053EEB7 /* Base */ = {isa = PBXFileReference; lastKnownFileType = file.storyboard; name = Base; path = Base.lproj/Main.storyboard; sourceTree = "<group>"; };
		C49E14BB29335F4C0053EEB7 /* Assets.xcassets */ = {isa = PBXFileReference; lastKnownFileType = folder.assetcatalog; path = Assets.xcassets; sourceTree = "<group>"; };
		C49E14BE29335F4C0053EEB7 /* Base */ = {isa = PBXFileReference; lastKnownFileType = file.storyboard; name = Base; path = Base.lproj/LaunchScreen.storyboard; sourceTree = "<group>"; };
		C49E14C029335F4C0053EEB7 /* Info.plist */ = {isa = PBXFileReference; lastKnownFileType = text.plist.xml; path = Info.plist; sourceTree = "<group>"; };
		C49E14C529335F4C0053EEB7 /* InstagramCloneTests.xctest */ = {isa = PBXFileReference; explicitFileType = wrapper.cfbundle; includeInIndex = 0; path = InstagramCloneTests.xctest; sourceTree = BUILT_PRODUCTS_DIR; };
		C49E14C929335F4C0053EEB7 /* InstagramCloneTests.swift */ = {isa = PBXFileReference; lastKnownFileType = sourcecode.swift; path = InstagramCloneTests.swift; sourceTree = "<group>"; };
		C49E14CF29335F4C0053EEB7 /* InstagramCloneUITests.xctest */ = {isa = PBXFileReference; explicitFileType = wrapper.cfbundle; includeInIndex = 0; path = InstagramCloneUITests.xctest; sourceTree = BUILT_PRODUCTS_DIR; };
		C49E14D329335F4C0053EEB7 /* InstagramCloneUITests.swift */ = {isa = PBXFileReference; lastKnownFileType = sourcecode.swift; path = InstagramCloneUITests.swift; sourceTree = "<group>"; };
		C49E14D529335F4C0053EEB7 /* InstagramCloneUITestsLaunchTests.swift */ = {isa = PBXFileReference; lastKnownFileType = sourcecode.swift; path = InstagramCloneUITestsLaunchTests.swift; sourceTree = "<group>"; };
		C49E14E2293366170053EEB7 /* LoginViewController.swift */ = {isa = PBXFileReference; lastKnownFileType = sourcecode.swift; path = LoginViewController.swift; sourceTree = "<group>"; };
/* End PBXFileReference section */

/* Begin PBXFrameworksBuildPhase section */
		C49E14AC29335F4C0053EEB7 /* Frameworks */ = {
			isa = PBXFrameworksBuildPhase;
			buildActionMask = 2147483647;
			files = (
			);
			runOnlyForDeploymentPostprocessing = 0;
		};
		C49E14C229335F4C0053EEB7 /* Frameworks */ = {
			isa = PBXFrameworksBuildPhase;
			buildActionMask = 2147483647;
			files = (
			);
			runOnlyForDeploymentPostprocessing = 0;
		};
		C49E14CC29335F4C0053EEB7 /* Frameworks */ = {
			isa = PBXFrameworksBuildPhase;
			buildActionMask = 2147483647;
			files = (
			);
			runOnlyForDeploymentPostprocessing = 0;
		};
/* End PBXFrameworksBuildPhase section */

/* Begin PBXGroup section */
		C49E14A629335F4C0053EEB7 = {
			isa = PBXGroup;
			children = (
				C49E14B129335F4C0053EEB7 /* InstagramClone */,
				C49E14C829335F4C0053EEB7 /* InstagramCloneTests */,
				C49E14D229335F4C0053EEB7 /* InstagramCloneUITests */,
				C49E14B029335F4C0053EEB7 /* Products */,
			);
			sourceTree = "<group>";
		};
		C49E14B029335F4C0053EEB7 /* Products */ = {
			isa = PBXGroup;
			children = (
				C49E14AF29335F4C0053EEB7 /* InstagramClone.app */,
				C49E14C529335F4C0053EEB7 /* InstagramCloneTests.xctest */,
				C49E14CF29335F4C0053EEB7 /* InstagramCloneUITests.xctest */,
			);
			name = Products;
			sourceTree = "<group>";
		};
		C49E14B129335F4C0053EEB7 /* InstagramClone */ = {
			isa = PBXGroup;
			children = (
				C49E14B229335F4C0053EEB7 /* AppDelegate.swift */,
				C49E14B429335F4C0053EEB7 /* SceneDelegate.swift */,
				C49E14B829335F4C0053EEB7 /* Main.storyboard */,
				C49E14E2293366170053EEB7 /* LoginViewController.swift */,
				C49E14BB29335F4C0053EEB7 /* Assets.xcassets */,
				C49E14BD29335F4C0053EEB7 /* LaunchScreen.storyboard */,
				C49E14C029335F4C0053EEB7 /* Info.plist */,
			);
			path = InstagramClone;
			sourceTree = "<group>";
		};
		C49E14C829335F4C0053EEB7 /* InstagramCloneTests */ = {
			isa = PBXGroup;
			children = (
				C49E14C929335F4C0053EEB7 /* InstagramCloneTests.swift */,
			);
			path = InstagramCloneTests;
			sourceTree = "<group>";
		};
		C49E14D229335F4C0053EEB7 /* InstagramCloneUITests */ = {
			isa = PBXGroup;
			children = (
				C49E14D329335F4C0053EEB7 /* InstagramCloneUITests.swift */,
				C49E14D529335F4C0053EEB7 /* InstagramCloneUITestsLaunchTests.swift */,
			);
			path = InstagramCloneUITests;
			sourceTree = "<group>";
		};
/* End PBXGroup section */

/* Begin PBXNativeTarget section */
		C49E14AE29335F4C0053EEB7 /* InstagramClone */ = {
			isa = PBXNativeTarget;
			buildConfigurationList = C49E14D929335F4C0053EEB7 /* Build configuration list for PBXNativeTarget "InstagramClone" */;
			buildPhases = (
				C49E14AB29335F4C0053EEB7 /* Sources */,
				C49E14AC29335F4C0053EEB7 /* Frameworks */,
				C49E14AD29335F4C0053EEB7 /* Resources */,
			);
			buildRules = (
			);
			dependencies = (
			);
			name = InstagramClone;
			productName = InstagramClone;
			productReference = C49E14AF29335F4C0053EEB7 /* InstagramClone.app */;
			productType = "com.apple.product-type.application";
		};
		C49E14C429335F4C0053EEB7 /* InstagramCloneTests */ = {
			isa = PBXNativeTarget;
			buildConfigurationList = C49E14DC29335F4C0053EEB7 /* Build configuration list for PBXNativeTarget "InstagramCloneTests" */;
			buildPhases = (
				C49E14C129335F4C0053EEB7 /* Sources */,
				C49E14C229335F4C0053EEB7 /* Frameworks */,
				C49E14C329335F4C0053EEB7 /* Resources */,
			);
			buildRules = (
			);
			dependencies = (
				C49E14C729335F4C0053EEB7 /* PBXTargetDependency */,
			);
			name = InstagramCloneTests;
			productName = InstagramCloneTests;
			productReference = C49E14C529335F4C0053EEB7 /* InstagramCloneTests.xctest */;
			productType = "com.apple.product-type.bundle.unit-test";
		};
		C49E14CE29335F4C0053EEB7 /* InstagramCloneUITests */ = {
			isa = PBXNativeTarget;
			buildConfigurationList = C49E14DF29335F4C0053EEB7 /* Build configuration list for PBXNativeTarget "InstagramCloneUITests" */;
			buildPhases = (
				C49E14CB29335F4C0053EEB7 /* Sources */,
				C49E14CC29335F4C0053EEB7 /* Frameworks */,
				C49E14CD29335F4C0053EEB7 /* Resources */,
			);
			buildRules = (
			);
			dependencies = (
				C49E14D129335F4C0053EEB7 /* PBXTargetDependency */,
			);
			name = InstagramCloneUITests;
			productName = InstagramCloneUITests;
			productReference = C49E14CF29335F4C0053EEB7 /* InstagramCloneUITests.xctest */;
			productType = "com.apple.product-type.bundle.ui-testing";
		};
/* End PBXNativeTarget section */

/* Begin PBXProject section */
		C49E14A729335F4C0053EEB7 /* Project object */ = {
			isa = PBXProject;
			attributes = {
				BuildIndependentTargetsInParallel = 1;
				LastSwiftUpdateCheck = 1340;
				LastUpgradeCheck = 1340;
				TargetAttributes = {
					C49E14AE29335F4C0053EEB7 = {
						CreatedOnToolsVersion = 13.4.1;
					};
					C49E14C429335F4C0053EEB7 = {
						CreatedOnToolsVersion = 13.4.1;
						TestTargetID = C49E14AE29335F4C0053EEB7;
					};
					C49E14CE29335F4C0053EEB7 = {
						CreatedOnToolsVersion = 13.4.1;
						TestTargetID = C49E14AE29335F4C0053EEB7;
					};
				};
			};
			buildConfigurationList = C49E14AA29335F4C0053EEB7 /* Build configuration list for PBXProject "InstagramClone" */;
			compatibilityVersion = "Xcode 13.0";
			developmentRegion = en;
			hasScannedForEncodings = 0;
			knownRegions = (
				en,
				Base,
			);
			mainGroup = C49E14A629335F4C0053EEB7;
			productRefGroup = C49E14B029335F4C0053EEB7 /* Products */;
			projectDirPath = "";
			projectRoot = "";
			targets = (
				C49E14AE29335F4C0053EEB7 /* InstagramClone */,
				C49E14C429335F4C0053EEB7 /* InstagramCloneTests */,
				C49E14CE29335F4C0053EEB7 /* InstagramCloneUITests */,
			);
		};
/* End PBXProject section */

/* Begin PBXResourcesBuildPhase section */
		C49E14AD29335F4C0053EEB7 /* Resources */ = {
			isa = PBXResourcesBuildPhase;
			buildActionMask = 2147483647;
			files = (
				C49E14BF29335F4C0053EEB7 /* LaunchScreen.storyboard in Resources */,
				C49E14BC29335F4C0053EEB7 /* Assets.xcassets in Resources */,
				C49E14BA29335F4C0053EEB7 /* Main.storyboard in Resources */,
			);
			runOnlyForDeploymentPostprocessing = 0;
		};
		C49E14C329335F4C0053EEB7 /* Resources */ = {
			isa = PBXResourcesBuildPhase;
			buildActionMask = 2147483647;
			files = (
			);
			runOnlyForDeploymentPostprocessing = 0;
		};
		C49E14CD29335F4C0053EEB7 /* Resources */ = {
			isa = PBXResourcesBuildPhase;
			buildActionMask = 2147483647;
			files = (
			);
			runOnlyForDeploymentPostprocessing = 0;
		};
/* End PBXResourcesBuildPhase section */

/* Begin PBXSourcesBuildPhase section */
		C49E14AB29335F4C0053EEB7 /* Sources */ = {
			isa = PBXSourcesBuildPhase;
			buildActionMask = 2147483647;
			files = (
				C49E14E3293366170053EEB7 /* LoginViewController.swift in Sources */,
				C49E14B329335F4C0053EEB7 /* AppDelegate.swift in Sources */,
				C49E14B529335F4C0053EEB7 /* SceneDelegate.swift in Sources */,
			);
			runOnlyForDeploymentPostprocessing = 0;
		};
		C49E14C129335F4C0053EEB7 /* Sources */ = {
			isa = PBXSourcesBuildPhase;
			buildActionMask = 2147483647;
			files = (
				C49E14CA29335F4C0053EEB7 /* InstagramCloneTests.swift in Sources */,
			);
			runOnlyForDeploymentPostprocessing = 0;
		};
		C49E14CB29335F4C0053EEB7 /* Sources */ = {
			isa = PBXSourcesBuildPhase;
			buildActionMask = 2147483647;
			files = (
				C49E14D429335F4C0053EEB7 /* InstagramCloneUITests.swift in Sources */,
				C49E14D629335F4C0053EEB7 /* InstagramCloneUITestsLaunchTests.swift in Sources */,
			);
			runOnlyForDeploymentPostprocessing = 0;
		};
/* End PBXSourcesBuildPhase section */

/* Begin PBXTargetDependency section */
		C49E14C729335F4C0053EEB7 /* PBXTargetDependency */ = {
			isa = PBXTargetDependency;
			target = C49E14AE29335F4C0053EEB7 /* InstagramClone */;
			targetProxy = C49E14C629335F4C0053EEB7 /* PBXContainerItemProxy */;
		};
		C49E14D129335F4C0053EEB7 /* PBXTargetDependency */ = {
			isa = PBXTargetDependency;
			target = C49E14AE29335F4C0053EEB7 /* InstagramClone */;
			targetProxy = C49E14D029335F4C0053EEB7 /* PBXContainerItemProxy */;
		};
/* End PBXTargetDependency section */

/* Begin PBXVariantGroup section */
		C49E14B829335F4C0053EEB7 /* Main.storyboard */ = {
			isa = PBXVariantGroup;
			children = (
				C49E14B929335F4C0053EEB7 /* Base */,
			);
			name = Main.storyboard;
			sourceTree = "<group>";
		};
		C49E14BD29335F4C0053EEB7 /* LaunchScreen.storyboard */ = {
			isa = PBXVariantGroup;
			children = (
				C49E14BE29335F4C0053EEB7 /* Base */,
			);
			name = LaunchScreen.storyboard;
			sourceTree = "<group>";
		};
/* End PBXVariantGroup section */

/* Begin XCBuildConfiguration section */
		C49E14D729335F4C0053EEB7 /* Debug */ = {
			isa = XCBuildConfiguration;
			buildSettings = {
				ALWAYS_SEARCH_USER_PATHS = NO;
				CLANG_ANALYZER_NONNULL = YES;
				CLANG_ANALYZER_NUMBER_OBJECT_CONVERSION = YES_AGGRESSIVE;
				CLANG_CXX_LANGUAGE_STANDARD = "gnu++17";
				CLANG_ENABLE_MODULES = YES;
				CLANG_ENABLE_OBJC_ARC = YES;
				CLANG_ENABLE_OBJC_WEAK = YES;
				CLANG_WARN_BLOCK_CAPTURE_AUTORELEASING = YES;
				CLANG_WARN_BOOL_CONVERSION = YES;
				CLANG_WARN_COMMA = YES;
				CLANG_WARN_CONSTANT_CONVERSION = YES;
				CLANG_WARN_DEPRECATED_OBJC_IMPLEMENTATIONS = YES;
				CLANG_WARN_DIRECT_OBJC_ISA_USAGE = YES_ERROR;
				CLANG_WARN_DOCUMENTATION_COMMENTS = YES;
				CLANG_WARN_EMPTY_BODY = YES;
				CLANG_WARN_ENUM_CONVERSION = YES;
				CLANG_WARN_INFINITE_RECURSION = YES;
				CLANG_WARN_INT_CONVERSION = YES;
				CLANG_WARN_NON_LITERAL_NULL_CONVERSION = YES;
				CLANG_WARN_OBJC_IMPLICIT_RETAIN_SELF = YES;
				CLANG_WARN_OBJC_LITERAL_CONVERSION = YES;
				CLANG_WARN_OBJC_ROOT_CLASS = YES_ERROR;
				CLANG_WARN_QUOTED_INCLUDE_IN_FRAMEWORK_HEADER = YES;
				CLANG_WARN_RANGE_LOOP_ANALYSIS = YES;
				CLANG_WARN_STRICT_PROTOTYPES = YES;
				CLANG_WARN_SUSPICIOUS_MOVE = YES;
				CLANG_WARN_UNGUARDED_AVAILABILITY = YES_AGGRESSIVE;
				CLANG_WARN_UNREACHABLE_CODE = YES;
				CLANG_WARN__DUPLICATE_METHOD_MATCH = YES;
				COPY_PHASE_STRIP = NO;
				DEBUG_INFORMATION_FORMAT = dwarf;
				ENABLE_STRICT_OBJC_MSGSEND = YES;
				ENABLE_TESTABILITY = YES;
				GCC_C_LANGUAGE_STANDARD = gnu11;
				GCC_DYNAMIC_NO_PIC = NO;
				GCC_NO_COMMON_BLOCKS = YES;
				GCC_OPTIMIZATION_LEVEL = 0;
				GCC_PREPROCESSOR_DEFINITIONS = (
					"DEBUG=1",
					"$(inherited)",
				);
				GCC_WARN_64_TO_32_BIT_CONVERSION = YES;
				GCC_WARN_ABOUT_RETURN_TYPE = YES_ERROR;
				GCC_WARN_UNDECLARED_SELECTOR = YES;
				GCC_WARN_UNINITIALIZED_AUTOS = YES_AGGRESSIVE;
				GCC_WARN_UNUSED_FUNCTION = YES;
				GCC_WARN_UNUSED_VARIABLE = YES;
				IPHONEOS_DEPLOYMENT_TARGET = 15.5;
				MTL_ENABLE_DEBUG_INFO = INCLUDE_SOURCE;
				MTL_FAST_MATH = YES;
				ONLY_ACTIVE_ARCH = YES;
				SDKROOT = iphoneos;
				SWIFT_ACTIVE_COMPILATION_CONDITIONS = DEBUG;
				SWIFT_OPTIMIZATION_LEVEL = "-Onone";
			};
			name = Debug;
		};
		C49E14D829335F4C0053EEB7 /* Release */ = {
			isa = XCBuildConfiguration;
			buildSettings = {
				ALWAYS_SEARCH_USER_PATHS = NO;
				CLANG_ANALYZER_NONNULL = YES;
				CLANG_ANALYZER_NUMBER_OBJECT_CONVERSION = YES_AGGRESSIVE;
				CLANG_CXX_LANGUAGE_STANDARD = "gnu++17";
				CLANG_ENABLE_MODULES = YES;
				CLANG_ENABLE_OBJC_ARC = YES;
				CLANG_ENABLE_OBJC_WEAK = YES;
				CLANG_WARN_BLOCK_CAPTURE_AUTORELEASING = YES;
				CLANG_WARN_BOOL_CONVERSION = YES;
				CLANG_WARN_COMMA = YES;
				CLANG_WARN_CONSTANT_CONVERSION = YES;
				CLANG_WARN_DEPRECATED_OBJC_IMPLEMENTATIONS = YES;
				CLANG_WARN_DIRECT_OBJC_ISA_USAGE = YES_ERROR;
				CLANG_WARN_DOCUMENTATION_COMMENTS = YES;
				CLANG_WARN_EMPTY_BODY = YES;
				CLANG_WARN_ENUM_CONVERSION = YES;
				CLANG_WARN_INFINITE_RECURSION = YES;
				CLANG_WARN_INT_CONVERSION = YES;
				CLANG_WARN_NON_LITERAL_NULL_CONVERSION = YES;
				CLANG_WARN_OBJC_IMPLICIT_RETAIN_SELF = YES;
				CLANG_WARN_OBJC_LITERAL_CONVERSION = YES;
				CLANG_WARN_OBJC_ROOT_CLASS = YES_ERROR;
				CLANG_WARN_QUOTED_INCLUDE_IN_FRAMEWORK_HEADER = YES;
				CLANG_WARN_RANGE_LOOP_ANALYSIS = YES;
				CLANG_WARN_STRICT_PROTOTYPES = YES;
				CLANG_WARN_SUSPICIOUS_MOVE = YES;
				CLANG_WARN_UNGUARDED_AVAILABILITY = YES_AGGRESSIVE;
				CLANG_WARN_UNREACHABLE_CODE = YES;
				CLANG_WARN__DUPLICATE_METHOD_MATCH = YES;
				COPY_PHASE_STRIP = NO;
				DEBUG_INFORMATION_FORMAT = "dwarf-with-dsym";
				ENABLE_NS_ASSERTIONS = NO;
				ENABLE_STRICT_OBJC_MSGSEND = YES;
				GCC_C_LANGUAGE_STANDARD = gnu11;
				GCC_NO_COMMON_BLOCKS = YES;
				GCC_WARN_64_TO_32_BIT_CONVERSION = YES;
				GCC_WARN_ABOUT_RETURN_TYPE = YES_ERROR;
				GCC_WARN_UNDECLARED_SELECTOR = YES;
				GCC_WARN_UNINITIALIZED_AUTOS = YES_AGGRESSIVE;
				GCC_WARN_UNUSED_FUNCTION = YES;
				GCC_WARN_UNUSED_VARIABLE = YES;
				IPHONEOS_DEPLOYMENT_TARGET = 15.5;
				MTL_ENABLE_DEBUG_INFO = NO;
				MTL_FAST_MATH = YES;
				SDKROOT = iphoneos;
				SWIFT_COMPILATION_MODE = wholemodule;
				SWIFT_OPTIMIZATION_LEVEL = "-O";
				VALIDATE_PRODUCT = YES;
			};
			name = Release;
		};
		C49E14DA29335F4C0053EEB7 /* Debug */ = {
			isa = XCBuildConfiguration;
			buildSettings = {
				ASSETCATALOG_COMPILER_APPICON_NAME = AppIcon;
				ASSETCATALOG_COMPILER_GLOBAL_ACCENT_COLOR_NAME = AccentColor;
				CODE_SIGN_STYLE = Automatic;
				CURRENT_PROJECT_VERSION = 1;
				GENERATE_INFOPLIST_FILE = YES;
				INFOPLIST_FILE = InstagramClone/Info.plist;
				INFOPLIST_KEY_UIApplicationSupportsIndirectInputEvents = YES;
				INFOPLIST_KEY_UILaunchStoryboardName = LaunchScreen;
				INFOPLIST_KEY_UIMainStoryboardFile = Main;
				INFOPLIST_KEY_UISupportedInterfaceOrientations_iPad = "UIInterfaceOrientationPortrait UIInterfaceOrientationPortraitUpsideDown UIInterfaceOrientationLandscapeLeft UIInterfaceOrientationLandscapeRight";
				INFOPLIST_KEY_UISupportedInterfaceOrientations_iPhone = "UIInterfaceOrientationPortrait UIInterfaceOrientationLandscapeLeft UIInterfaceOrientationLandscapeRight";
				LD_RUNPATH_SEARCH_PATHS = (
					"$(inherited)",
					"@executable_path/Frameworks",
				);
				MARKETING_VERSION = 1.0;
				PRODUCT_BUNDLE_IDENTIFIER = wongil.InstagramClone;
				PRODUCT_NAME = "$(TARGET_NAME)";
				SWIFT_EMIT_LOC_STRINGS = YES;
				SWIFT_VERSION = 5.0;
				TARGETED_DEVICE_FAMILY = "1,2";
			};
			name = Debug;
		};
		C49E14DB29335F4C0053EEB7 /* Release */ = {
			isa = XCBuildConfiguration;
			buildSettings = {
				ASSETCATALOG_COMPILER_APPICON_NAME = AppIcon;
				ASSETCATALOG_COMPILER_GLOBAL_ACCENT_COLOR_NAME = AccentColor;
				CODE_SIGN_STYLE = Automatic;
				CURRENT_PROJECT_VERSION = 1;
				GENERATE_INFOPLIST_FILE = YES;
				INFOPLIST_FILE = InstagramClone/Info.plist;
				INFOPLIST_KEY_UIApplicationSupportsIndirectInputEvents = YES;
				INFOPLIST_KEY_UILaunchStoryboardName = LaunchScreen;
				INFOPLIST_KEY_UIMainStoryboardFile = Main;
				INFOPLIST_KEY_UISupportedInterfaceOrientations_iPad = "UIInterfaceOrientationPortrait UIInterfaceOrientationPortraitUpsideDown UIInterfaceOrientationLandscapeLeft UIInterfaceOrientationLandscapeRight";
				INFOPLIST_KEY_UISupportedInterfaceOrientations_iPhone = "UIInterfaceOrientationPortrait UIInterfaceOrientationLandscapeLeft UIInterfaceOrientationLandscapeRight";
				LD_RUNPATH_SEARCH_PATHS = (
					"$(inherited)",
					"@executable_path/Frameworks",
				);
				MARKETING_VERSION = 1.0;
				PRODUCT_BUNDLE_IDENTIFIER = wongil.InstagramClone;
				PRODUCT_NAME = "$(TARGET_NAME)";
				SWIFT_EMIT_LOC_STRINGS = YES;
				SWIFT_VERSION = 5.0;
				TARGETED_DEVICE_FAMILY = "1,2";
			};
			name = Release;
		};
		C49E14DD29335F4C0053EEB7 /* Debug */ = {
			isa = XCBuildConfiguration;
			buildSettings = {
				ALWAYS_EMBED_SWIFT_STANDARD_LIBRARIES = YES;
				BUNDLE_LOADER = "$(TEST_HOST)";
				CODE_SIGN_STYLE = Automatic;
				CURRENT_PROJECT_VERSION = 1;
				GENERATE_INFOPLIST_FILE = YES;
				IPHONEOS_DEPLOYMENT_TARGET = 15.5;
				MARKETING_VERSION = 1.0;
				PRODUCT_BUNDLE_IDENTIFIER = wongil.InstagramCloneTests;
				PRODUCT_NAME = "$(TARGET_NAME)";
				SWIFT_EMIT_LOC_STRINGS = NO;
				SWIFT_VERSION = 5.0;
				TARGETED_DEVICE_FAMILY = "1,2";
				TEST_HOST = "$(BUILT_PRODUCTS_DIR)/InstagramClone.app/InstagramClone";
			};
			name = Debug;
		};
		C49E14DE29335F4C0053EEB7 /* Release */ = {
			isa = XCBuildConfiguration;
			buildSettings = {
				ALWAYS_EMBED_SWIFT_STANDARD_LIBRARIES = YES;
				BUNDLE_LOADER = "$(TEST_HOST)";
				CODE_SIGN_STYLE = Automatic;
				CURRENT_PROJECT_VERSION = 1;
				GENERATE_INFOPLIST_FILE = YES;
				IPHONEOS_DEPLOYMENT_TARGET = 15.5;
				MARKETING_VERSION = 1.0;
				PRODUCT_BUNDLE_IDENTIFIER = wongil.InstagramCloneTests;
				PRODUCT_NAME = "$(TARGET_NAME)";
				SWIFT_EMIT_LOC_STRINGS = NO;
				SWIFT_VERSION = 5.0;
				TARGETED_DEVICE_FAMILY = "1,2";
				TEST_HOST = "$(BUILT_PRODUCTS_DIR)/InstagramClone.app/InstagramClone";
			};
			name = Release;
		};
		C49E14E029335F4C0053EEB7 /* Debug */ = {
			isa = XCBuildConfiguration;
			buildSettings = {
				ALWAYS_EMBED_SWIFT_STANDARD_LIBRARIES = YES;
				CODE_SIGN_STYLE = Automatic;
				CURRENT_PROJECT_VERSION = 1;
				GENERATE_INFOPLIST_FILE = YES;
				MARKETING_VERSION = 1.0;
				PRODUCT_BUNDLE_IDENTIFIER = wongil.InstagramCloneUITests;
				PRODUCT_NAME = "$(TARGET_NAME)";
				SWIFT_EMIT_LOC_STRINGS = NO;
				SWIFT_VERSION = 5.0;
				TARGETED_DEVICE_FAMILY = "1,2";
				TEST_TARGET_NAME = InstagramClone;
			};
			name = Debug;
		};
		C49E14E129335F4C0053EEB7 /* Release */ = {
			isa = XCBuildConfiguration;
			buildSettings = {
				ALWAYS_EMBED_SWIFT_STANDARD_LIBRARIES = YES;
				CODE_SIGN_STYLE = Automatic;
				CURRENT_PROJECT_VERSION = 1;
				GENERATE_INFOPLIST_FILE = YES;
				MARKETING_VERSION = 1.0;
				PRODUCT_BUNDLE_IDENTIFIER = wongil.InstagramCloneUITests;
				PRODUCT_NAME = "$(TARGET_NAME)";
				SWIFT_EMIT_LOC_STRINGS = NO;
				SWIFT_VERSION = 5.0;
				TARGETED_DEVICE_FAMILY = "1,2";
				TEST_TARGET_NAME = InstagramClone;
			};
			name = Release;
		};
/* End XCBuildConfiguration section */

/* Begin XCConfigurationList section */
		C49E14AA29335F4C0053EEB7 /* Build configuration list for PBXProject "InstagramClone" */ = {
			isa = XCConfigurationList;
			buildConfigurations = (
				C49E14D729335F4C0053EEB7 /* Debug */,
				C49E14D829335F4C0053EEB7 /* Release */,
			);
			defaultConfigurationIsVisible = 0;
			defaultConfigurationName = Release;
		};
		C49E14D929335F4C0053EEB7 /* Build configuration list for PBXNativeTarget "InstagramClone" */ = {
			isa = XCConfigurationList;
			buildConfigurations = (
				C49E14DA29335F4C0053EEB7 /* Debug */,
				C49E14DB29335F4C0053EEB7 /* Release */,
			);
			defaultConfigurationIsVisible = 0;
			defaultConfigurationName = Release;
		};
		C49E14DC29335F4C0053EEB7 /* Build configuration list for PBXNativeTarget "InstagramCloneTests" */ = {
			isa = XCConfigurationList;
			buildConfigurations = (
				C49E14DD29335F4C0053EEB7 /* Debug */,
				C49E14DE29335F4C0053EEB7 /* Release */,
			);
			defaultConfigurationIsVisible = 0;
			defaultConfigurationName = Release;
		};
		C49E14DF29335F4C0053EEB7 /* Build configuration list for PBXNativeTarget "InstagramCloneUITests" */ = {
			isa = XCConfigurationList;
			buildConfigurations = (
				C49E14E029335F4C0053EEB7 /* Debug */,
				C49E14E129335F4C0053EEB7 /* Release */,
			);
			defaultConfigurationIsVisible = 0;
			defaultConfigurationName = Release;
		};
/* End XCConfigurationList section */
	};
	rootObject = C49E14A729335F4C0053EEB7 /* Project object */;
}
